
Microsoft Visual Studio Solution File, Format Version 12.00
# Visual Studio Version 17
VisualStudioVersion = 17.3.32901.215
MinimumVisualStudioVersion = 10.0.40219.1
Project("{FAE04EC0-301F-11D3-BF4B-00C04F79EFBC}") = "ShopGame", "ShopGame\ShopGame.csproj", "{A5FF1CDC-2531-4B8A-8E5B-D7AEF3EB602B}"
EndProject
Global
	GlobalSection(SolutionConfigurationPlatforms) = preSolution
		Debug|Any CPU = Debug|Any CPU
		Release|Any CPU = Release|Any CPU
	EndGlobalSection
	GlobalSection(ProjectConfigurationPlatforms) = postSolution
		{A5FF1CDC-2531-4B8A-8E5B-D7AEF3EB602B}.Debug|Any CPU.ActiveCfg = Debug|Any CPU
		{A5FF1CDC-2531-4B8A-8E5B-D7AEF3EB602B}.Debug|Any CPU.Build.0 = Debug|Any CPU
		{A5FF1CDC-2531-4B8A-8E5B-D7AEF3EB602B}.Release|Any CPU.ActiveCfg = Release|Any CPU
		{A5FF1CDC-2531-4B8A-8E5B-D7AEF3EB602B}.Release|Any CPU.Build.0 = Release|Any CPU
	EndGlobalSection
	GlobalSection(SolutionProperties) = preSolution
		HideSolutionNode = FALSE
	EndGlobalSection
	GlobalSection(ExtensibilityGlobals) = postSolution
		SolutionGuid = {E8D8EA90-41DC-4EEB-8322-74467700815E}
	EndGlobalSection
EndGlobal
